
Microsoft Visual Studio Solution File, Format Version 12.00
# Visual Studio Version 16
VisualStudioVersion = 16.0.29009.5
MinimumVisualStudioVersion = 10.0.40219.1
Project("{FAE04EC0-301F-11D3-BF4B-00C04F79EFBC}") = "0.2_FDMC", "0.2_FDMC\0.2_FDMC.csproj", "{1C34E7E8-F318-47F3-A6E8-522192DC35D5}"
EndProject
Global
	GlobalSection(SolutionConfigurationPlatforms) = preSolution
		Debug|Any CPU = Debug|Any CPU
		Release|Any CPU = Release|Any CPU
	EndGlobalSection
	GlobalSection(ProjectConfigurationPlatforms) = postSolution
		{1C34E7E8-F318-47F3-A6E8-522192DC35D5}.Debug|Any CPU.ActiveCfg = Debug|Any CPU
		{1C34E7E8-F318-47F3-A6E8-522192DC35D5}.Debug|Any CPU.Build.0 = Debug|Any CPU
		{1C34E7E8-F318-47F3-A6E8-522192DC35D5}.Release|Any CPU.ActiveCfg = Release|Any CPU
		{1C34E7E8-F318-47F3-A6E8-522192DC35D5}.Release|Any CPU.Build.0 = Release|Any CPU
	EndGlobalSection
	GlobalSection(SolutionProperties) = preSolution
		HideSolutionNode = FALSE
	EndGlobalSection
	GlobalSection(ExtensibilityGlobals) = postSolution
		SolutionGuid = {85CC4536-143E-4905-AF4E-3C82C2AAE2DE}
	EndGlobalSection
EndGlobal
